{
	"name": "es-2024-25-2sem-grupo-a",
	"version": "1.0.0",
	"lockfileVersion": 3,
	"requires": true,
	"packages": {
		"": {
			"name": "es-2024-25-2sem-grupo-a",
			"version": "1.0.0",
			"hasInstallScript": true,
			"license": "ISC",
			"dependencies": {
				"csv-parse": "^5.6.0",
				"graphology": "^0.26.0"
			},
			"devDependencies": {
				"@types/node": "^22.13.14"
			}
		},
		"node_modules/@types/node": {
			"version": "22.13.14",
			"resolved": "https://registry.npmjs.org/@types/node/-/node-22.13.14.tgz",
			"integrity": "sha512-Zs/Ollc1SJ8nKUAgc7ivOEdIBM8JAKgrqqUYi2J997JuKO7/tpQC+WCetQ1sypiKCQWHdvdg9wBNpUPEWZae7w==",
			"dev": true,
			"license": "MIT",
			"dependencies": {
				"undici-types": "~6.20.0"
			}
		},
		"node_modules/csv-parse": {
			"version": "5.6.0",
			"resolved": "https://registry.npmjs.org/csv-parse/-/csv-parse-5.6.0.tgz",
			"integrity": "sha512-l3nz3euub2QMg5ouu5U09Ew9Wf6/wQ8I++ch1loQ0ljmzhmfZYrH9fflS22i/PQEvsPvxCwxgz5q7UB8K1JO4Q==",
			"license": "MIT"
		},
		"node_modules/events": {
			"version": "3.3.0",
			"resolved": "https://registry.npmjs.org/events/-/events-3.3.0.tgz",
			"integrity": "sha512-mQw+2fkQbALzQ7V0MY0IqdnXNOeTtP4r0lN9z7AAawCXgqea7bDii20AYrIBrFd/Hx0M2Ocz6S111CaFkUcb0Q==",
			"license": "MIT",
			"engines": {
				"node": ">=0.8.x"
			}
		},
		"node_modules/graphology": {
			"version": "0.26.0",
			"resolved": "https://registry.npmjs.org/graphology/-/graphology-0.26.0.tgz",
			"integrity": "sha512-8SSImzgUUYC89Z042s+0r/vMibY7GX/Emz4LDO5e7jYXhuoWfHISPFJYjpRLUSJGq6UQ6xlenvX1p/hJdfXuXg==",
			"license": "MIT",
			"dependencies": {
				"events": "^3.3.0"
			},
			"peerDependencies": {
				"graphology-types": ">=0.24.0"
			}
		},
		"node_modules/graphology-types": {
			"version": "0.24.8",
			"resolved": "https://registry.npmjs.org/graphology-types/-/graphology-types-0.24.8.tgz",
			"integrity": "sha512-hDRKYXa8TsoZHjgEaysSRyPdT6uB78Ci8WnjgbStlQysz7xR52PInxNsmnB7IBOM1BhikxkNyCVEFgmPKnpx3Q==",
			"license": "MIT",
			"peer": true
		},
		"node_modules/undici-types": {
			"version": "6.20.0",
			"resolved": "https://registry.npmjs.org/undici-types/-/undici-types-6.20.0.tgz",
			"integrity": "sha512-Ny6QZ2Nju20vw1SRHe3d9jVu6gJ+4e3+MMpqu7pqE5HT6WsTSlce++GQmK5UXS8mzV8DSYHrQH+Xrf2jVcuKNg==",
			"dev": true,
			"license": "MIT"
		}
	}
}
